
Microsoft Visual Studio Solution File, Format Version 12.00
# Visual Studio Version 17
VisualStudioVersion = 17.5.002.0
MinimumVisualStudioVersion = 10.0.40219.1
Project("{9A19103F-16F7-4668-BE54-9A1E7A4F7556}") = "load-balancer", "load-balancer.csproj", "{796F3E76-4FB7-4E17-94D3-279E96B99D63}"
EndProject
Global
	GlobalSection(SolutionConfigurationPlatforms) = preSolution
		Debug|Any CPU = Debug|Any CPU
		Release|Any CPU = Release|Any CPU
	EndGlobalSection
	GlobalSection(ProjectConfigurationPlatforms) = postSolution
		{796F3E76-4FB7-4E17-94D3-279E96B99D63}.Debug|Any CPU.ActiveCfg = Debug|Any CPU
		{796F3E76-4FB7-4E17-94D3-279E96B99D63}.Debug|Any CPU.Build.0 = Debug|Any CPU
		{796F3E76-4FB7-4E17-94D3-279E96B99D63}.Release|Any CPU.ActiveCfg = Release|Any CPU
		{796F3E76-4FB7-4E17-94D3-279E96B99D63}.Release|Any CPU.Build.0 = Release|Any CPU
	EndGlobalSection
	GlobalSection(SolutionProperties) = preSolution
		HideSolutionNode = FALSE
	EndGlobalSection
	GlobalSection(ExtensibilityGlobals) = postSolution
		SolutionGuid = {7041BBAC-8E8E-4A62-B1E9-6D029E09BDEB}
	EndGlobalSection
EndGlobal
